
Microsoft Visual Studio Solution File, Format Version 12.00
# Visual Studio Version 17
VisualStudioVersion = 17.8.34408.163
MinimumVisualStudioVersion = 10.0.40219.1
Project("{888888A0-9F3D-457C-B088-3A5042F75D52}") = "project", "project.pyproj", "{E4E7BA5C-7A08-45CC-9538-1005CDDB6AA3}"
EndProject
Global
	GlobalSection(SolutionConfigurationPlatforms) = preSolution
		Debug|Any CPU = Debug|Any CPU
		Release|Any CPU = Release|Any CPU
	EndGlobalSection
	GlobalSection(ProjectConfigurationPlatforms) = postSolution
		{E4E7BA5C-7A08-45CC-9538-1005CDDB6AA3}.Debug|Any CPU.ActiveCfg = Debug|Any CPU
		{E4E7BA5C-7A08-45CC-9538-1005CDDB6AA3}.Release|Any CPU.ActiveCfg = Release|Any CPU
	EndGlobalSection
	GlobalSection(SolutionProperties) = preSolution
		HideSolutionNode = FALSE
	EndGlobalSection
	GlobalSection(ExtensibilityGlobals) = postSolution
		SolutionGuid = {CFCDE85F-9C59-4BA7-AB66-94B9434FFE53}
	EndGlobalSection
EndGlobal
